// !$*UTF8*$!
{
	archiveVersion = 1;
	classes = {
	};
	objectVersion = 51;
	objects = {

/* Begin PBXBuildFile section */
		552A25A12412B74200116374 /* AppDelegate.swift in Sources */ = {isa = PBXBuildFile; fileRef = 552A25A02412B74200116374 /* AppDelegate.swift */; };
		552A25A32412B74200116374 /* SceneDelegate.swift in Sources */ = {isa = PBXBuildFile; fileRef = 552A25A22412B74200116374 /* SceneDelegate.swift */; };
		552A25AA2412B74600116374 /* Assets.xcassets in Resources */ = {isa = PBXBuildFile; fileRef = 552A25A92412B74600116374 /* Assets.xcassets */; };
		552A25AD2412B74600116374 /* LaunchScreen.storyboard in Resources */ = {isa = PBXBuildFile; fileRef = 552A25AB2412B74600116374 /* LaunchScreen.storyboard */; };
		552A25B82412B74600116374 /* AlmostActuallyInstagramTests.swift in Sources */ = {isa = PBXBuildFile; fileRef = 552A25B72412B74600116374 /* AlmostActuallyInstagramTests.swift */; };
		552A25C72412BCFF00116374 /* LoginView.storyboard in Resources */ = {isa = PBXBuildFile; fileRef = 552A25C62412BCFF00116374 /* LoginView.storyboard */; };
		552A25CA2412C36400116374 /* LoginViewController.swift in Sources */ = {isa = PBXBuildFile; fileRef = 552A25C92412C36400116374 /* LoginViewController.swift */; };
		552A25CD2412C3EF00116374 /* AuthenticationSession.swift in Sources */ = {isa = PBXBuildFile; fileRef = 552A25CC2412C3EF00116374 /* AuthenticationSession.swift */; };
		552A25D02412C77100116374 /* still butterflies.gif in Resources */ = {isa = PBXBuildFile; fileRef = 552A25CE2412C77000116374 /* still butterflies.gif */; };
		552A25D12412C77100116374 /* blue background butterflies.gif in Resources */ = {isa = PBXBuildFile; fileRef = 552A25CF2412C77100116374 /* blue background butterflies.gif */; };
		552A25D32412C7A300116374 /* gif-helper.swift in Sources */ = {isa = PBXBuildFile; fileRef = 552A25D22412C7A300116374 /* gif-helper.swift */; };
		552A25D52412C84B00116374 /* MainView.storyboard in Resources */ = {isa = PBXBuildFile; fileRef = 552A25D42412C84B00116374 /* MainView.storyboard */; };
		552A25D72412C93600116374 /* PhotoCollectionViewController.swift in Sources */ = {isa = PBXBuildFile; fileRef = 552A25D62412C93600116374 /* PhotoCollectionViewController.swift */; };
		552A25D92412C96B00116374 /* UploadAPhotoViewController.swift in Sources */ = {isa = PBXBuildFile; fileRef = 552A25D82412C96B00116374 /* UploadAPhotoViewController.swift */; };
		552A25DB2412C98200116374 /* ProfileViewController.swift in Sources */ = {isa = PBXBuildFile; fileRef = 552A25DA2412C98200116374 /* ProfileViewController.swift */; };
		552A25DD2412C9C400116374 /* TabViewController.swift in Sources */ = {isa = PBXBuildFile; fileRef = 552A25DC2412C9C400116374 /* TabViewController.swift */; };
		552A25E02412CCCE00116374 /* UIViewController+Extension.swift in Sources */ = {isa = PBXBuildFile; fileRef = 552A25DF2412CCCE00116374 /* UIViewController+Extension.swift */; };
		552A25E22412E76700116374 /* UpdateProfileViewController.swift in Sources */ = {isa = PBXBuildFile; fileRef = 552A25E12412E76700116374 /* UpdateProfileViewController.swift */; };
		552A25E42412EA0000116374 /* CircularTransition.swift in Sources */ = {isa = PBXBuildFile; fileRef = 552A25E32412EA0000116374 /* CircularTransition.swift */; };
		5587239F24622E4800A7F2D8 /* GoogleService-Info.plist in Resources */ = {isa = PBXBuildFile; fileRef = 5587239E24622E4800A7F2D8 /* GoogleService-Info.plist */; };
		558723A124622F4A00A7F2D8 /* postModel.swift in Sources */ = {isa = PBXBuildFile; fileRef = 558723A024622F4A00A7F2D8 /* postModel.swift */; };
		5B22AB708FD1B9469C5A9E1B /* Pods_AlmostActuallyInstagram.framework in Frameworks */ = {isa = PBXBuildFile; fileRef = C0387C0A46C8C274A692DB69 /* Pods_AlmostActuallyInstagram.framework */; };
		722F32FFFF095C2916BDAC55 /* Pods_AlmostActuallyInstagramTests.framework in Frameworks */ = {isa = PBXBuildFile; fileRef = 405E5934B15D05A13C267464 /* Pods_AlmostActuallyInstagramTests.framework */; };
/* End PBXBuildFile section */

/* Begin PBXContainerItemProxy section */
		552A25B42412B74600116374 /* PBXContainerItemProxy */ = {
			isa = PBXContainerItemProxy;
			containerPortal = 552A25952412B74200116374 /* Project object */;
			proxyType = 1;
			remoteGlobalIDString = 552A259C2412B74200116374;
			remoteInfo = AlmostActuallyInstagram;
		};
/* End PBXContainerItemProxy section */

/* Begin PBXFileReference section */
		405E5934B15D05A13C267464 /* Pods_AlmostActuallyInstagramTests.framework */ = {isa = PBXFileReference; explicitFileType = wrapper.framework; includeInIndex = 0; path = Pods_AlmostActuallyInstagramTests.framework; sourceTree = BUILT_PRODUCTS_DIR; };
		552A259D2412B74200116374 /* AlmostActuallyInstagram.app */ = {isa = PBXFileReference; explicitFileType = wrapper.application; includeInIndex = 0; path = AlmostActuallyInstagram.app; sourceTree = BUILT_PRODUCTS_DIR; };
		552A25A02412B74200116374 /* AppDelegate.swift */ = {isa = PBXFileReference; lastKnownFileType = sourcecode.swift; path = AppDelegate.swift; sourceTree = "<group>"; };
		552A25A22412B74200116374 /* SceneDelegate.swift */ = {isa = PBXFileReference; lastKnownFileType = sourcecode.swift; path = SceneDelegate.swift; sourceTree = "<group>"; };
		552A25A92412B74600116374 /* Assets.xcassets */ = {isa = PBXFileReference; lastKnownFileType = folder.assetcatalog; path = Assets.xcassets; sourceTree = "<group>"; };
		552A25AC2412B74600116374 /* Base */ = {isa = PBXFileReference; lastKnownFileType = file.storyboard; name = Base; path = Base.lproj/LaunchScreen.storyboard; sourceTree = "<group>"; };
		552A25AE2412B74600116374 /* Info.plist */ = {isa = PBXFileReference; lastKnownFileType = text.plist.xml; path = Info.plist; sourceTree = "<group>"; };
		552A25B32412B74600116374 /* AlmostActuallyInstagramTests.xctest */ = {isa = PBXFileReference; explicitFileType = wrapper.cfbundle; includeInIndex = 0; path = AlmostActuallyInstagramTests.xctest; sourceTree = BUILT_PRODUCTS_DIR; };
		552A25B72412B74600116374 /* AlmostActuallyInstagramTests.swift */ = {isa = PBXFileReference; lastKnownFileType = sourcecode.swift; path = AlmostActuallyInstagramTests.swift; sourceTree = "<group>"; };
		552A25B92412B74600116374 /* Info.plist */ = {isa = PBXFileReference; lastKnownFileType = text.plist.xml; path = Info.plist; sourceTree = "<group>"; };
		552A25C62412BCFF00116374 /* LoginView.storyboard */ = {isa = PBXFileReference; lastKnownFileType = file.storyboard; path = LoginView.storyboard; sourceTree = "<group>"; };
		552A25C92412C36400116374 /* LoginViewController.swift */ = {isa = PBXFileReference; lastKnownFileType = sourcecode.swift; path = LoginViewController.swift; sourceTree = "<group>"; };
		552A25CC2412C3EF00116374 /* AuthenticationSession.swift */ = {isa = PBXFileReference; lastKnownFileType = sourcecode.swift; path = AuthenticationSession.swift; sourceTree = "<group>"; };
		552A25CE2412C77000116374 /* still butterflies.gif */ = {isa = PBXFileReference; lastKnownFileType = image.gif; path = "still butterflies.gif"; sourceTree = "<group>"; };
		552A25CF2412C77100116374 /* blue background butterflies.gif */ = {isa = PBXFileReference; lastKnownFileType = image.gif; path = "blue background butterflies.gif"; sourceTree = "<group>"; };
		552A25D22412C7A300116374 /* gif-helper.swift */ = {isa = PBXFileReference; lastKnownFileType = sourcecode.swift; path = "gif-helper.swift"; sourceTree = "<group>"; };
		552A25D42412C84B00116374 /* MainView.storyboard */ = {isa = PBXFileReference; lastKnownFileType = file.storyboard; path = MainView.storyboard; sourceTree = "<group>"; };
		552A25D62412C93600116374 /* PhotoCollectionViewController.swift */ = {isa = PBXFileReference; lastKnownFileType = sourcecode.swift; path = PhotoCollectionViewController.swift; sourceTree = "<group>"; };
		552A25D82412C96B00116374 /* UploadAPhotoViewController.swift */ = {isa = PBXFileReference; lastKnownFileType = sourcecode.swift; path = UploadAPhotoViewController.swift; sourceTree = "<group>"; };
		552A25DA2412C98200116374 /* ProfileViewController.swift */ = {isa = PBXFileReference; lastKnownFileType = sourcecode.swift; path = ProfileViewController.swift; sourceTree = "<group>"; };
		552A25DC2412C9C400116374 /* TabViewController.swift */ = {isa = PBXFileReference; lastKnownFileType = sourcecode.swift; path = TabViewController.swift; sourceTree = "<group>"; };
		552A25DF2412CCCE00116374 /* UIViewController+Extension.swift */ = {isa = PBXFileReference; lastKnownFileType = sourcecode.swift; path = "UIViewController+Extension.swift"; sourceTree = "<group>"; };
		552A25E12412E76700116374 /* UpdateProfileViewController.swift */ = {isa = PBXFileReference; lastKnownFileType = sourcecode.swift; path = UpdateProfileViewController.swift; sourceTree = "<group>"; };
		552A25E32412EA0000116374 /* CircularTransition.swift */ = {isa = PBXFileReference; lastKnownFileType = sourcecode.swift; path = CircularTransition.swift; sourceTree = "<group>"; };
		5587239E24622E4800A7F2D8 /* GoogleService-Info.plist */ = {isa = PBXFileReference; fileEncoding = 4; lastKnownFileType = text.plist.xml; path = "GoogleService-Info.plist"; sourceTree = "<group>"; };
		558723A024622F4A00A7F2D8 /* postModel.swift */ = {isa = PBXFileReference; lastKnownFileType = sourcecode.swift; path = postModel.swift; sourceTree = "<group>"; };
		A311290B29771C05BC01B22C /* Pods-AlmostActuallyInstagramTests.release.xcconfig */ = {isa = PBXFileReference; includeInIndex = 1; lastKnownFileType = text.xcconfig; name = "Pods-AlmostActuallyInstagramTests.release.xcconfig"; path = "Target Support Files/Pods-AlmostActuallyInstagramTests/Pods-AlmostActuallyInstagramTests.release.xcconfig"; sourceTree = "<group>"; };
		C0387C0A46C8C274A692DB69 /* Pods_AlmostActuallyInstagram.framework */ = {isa = PBXFileReference; explicitFileType = wrapper.framework; includeInIndex = 0; path = Pods_AlmostActuallyInstagram.framework; sourceTree = BUILT_PRODUCTS_DIR; };
		D4ABD02C918388C03ECE6E87 /* Pods-AlmostActuallyInstagram.release.xcconfig */ = {isa = PBXFileReference; includeInIndex = 1; lastKnownFileType = text.xcconfig; name = "Pods-AlmostActuallyInstagram.release.xcconfig"; path = "Target Support Files/Pods-AlmostActuallyInstagram/Pods-AlmostActuallyInstagram.release.xcconfig"; sourceTree = "<group>"; };
		E80711056843272154137855 /* Pods-AlmostActuallyInstagramTests.debug.xcconfig */ = {isa = PBXFileReference; includeInIndex = 1; lastKnownFileType = text.xcconfig; name = "Pods-AlmostActuallyInstagramTests.debug.xcconfig"; path = "Target Support Files/Pods-AlmostActuallyInstagramTests/Pods-AlmostActuallyInstagramTests.debug.xcconfig"; sourceTree = "<group>"; };
		ED8F5D177E504DE4C0D8834F /* Pods-AlmostActuallyInstagram.debug.xcconfig */ = {isa = PBXFileReference; includeInIndex = 1; lastKnownFileType = text.xcconfig; name = "Pods-AlmostActuallyInstagram.debug.xcconfig"; path = "Target Support Files/Pods-AlmostActuallyInstagram/Pods-AlmostActuallyInstagram.debug.xcconfig"; sourceTree = "<group>"; };
/* End PBXFileReference section */

/* Begin PBXFrameworksBuildPhase section */
		552A259A2412B74200116374 /* Frameworks */ = {
			isa = PBXFrameworksBuildPhase;
			buildActionMask = 2147483647;
			files = (
				5B22AB708FD1B9469C5A9E1B /* Pods_AlmostActuallyInstagram.framework in Frameworks */,
			);
			runOnlyForDeploymentPostprocessing = 0;
		};
		552A25B02412B74600116374 /* Frameworks */ = {
			isa = PBXFrameworksBuildPhase;
			buildActionMask = 2147483647;
			files = (
				722F32FFFF095C2916BDAC55 /* Pods_AlmostActuallyInstagramTests.framework in Frameworks */,
			);
			runOnlyForDeploymentPostprocessing = 0;
		};
/* End PBXFrameworksBuildPhase section */

/* Begin PBXGroup section */
		17C69CB95B58CD7F2B21DAA4 /* Pods */ = {
			isa = PBXGroup;
			children = (
				ED8F5D177E504DE4C0D8834F /* Pods-AlmostActuallyInstagram.debug.xcconfig */,
				D4ABD02C918388C03ECE6E87 /* Pods-AlmostActuallyInstagram.release.xcconfig */,
				E80711056843272154137855 /* Pods-AlmostActuallyInstagramTests.debug.xcconfig */,
				A311290B29771C05BC01B22C /* Pods-AlmostActuallyInstagramTests.release.xcconfig */,
			);
			path = Pods;
			sourceTree = "<group>";
		};
		552A25942412B74200116374 = {
			isa = PBXGroup;
			children = (
				552A25D22412C7A300116374 /* gif-helper.swift */,
				552A25CF2412C77100116374 /* blue background butterflies.gif */,
				552A25CE2412C77000116374 /* still butterflies.gif */,
				552A259F2412B74200116374 /* AlmostActuallyInstagram */,
				552A25B62412B74600116374 /* AlmostActuallyInstagramTests */,
				552A259E2412B74200116374 /* Products */,
				17C69CB95B58CD7F2B21DAA4 /* Pods */,
				D6B20D45AAC4A3A2C07C26CC /* Frameworks */,
			);
			sourceTree = "<group>";
		};
		552A259E2412B74200116374 /* Products */ = {
			isa = PBXGroup;
			children = (
				552A259D2412B74200116374 /* AlmostActuallyInstagram.app */,
				552A25B32412B74600116374 /* AlmostActuallyInstagramTests.xctest */,
			);
			name = Products;
			sourceTree = "<group>";
		};
		552A259F2412B74200116374 /* AlmostActuallyInstagram */ = {
			isa = PBXGroup;
			children = (
				552A25DE2412CCB100116374 /* extension */,
				552A25CB2412C3A400116374 /* firebase services */,
				552A25C82412C34900116374 /* controllers */,
				552A25C52412BCE500116374 /* storyboards */,
				552A25C42412BBC900116374 /* supporting files */,
				552A25AE2412B74600116374 /* Info.plist */,
				5587239E24622E4800A7F2D8 /* GoogleService-Info.plist */,
				558723A024622F4A00A7F2D8 /* postModel.swift */,
			);
			path = AlmostActuallyInstagram;
			sourceTree = "<group>";
		};
		552A25B62412B74600116374 /* AlmostActuallyInstagramTests */ = {
			isa = PBXGroup;
			children = (
				552A25B72412B74600116374 /* AlmostActuallyInstagramTests.swift */,
				552A25B92412B74600116374 /* Info.plist */,
			);
			path = AlmostActuallyInstagramTests;
			sourceTree = "<group>";
		};
		552A25C42412BBC900116374 /* supporting files */ = {
			isa = PBXGroup;
			children = (
				552A25A92412B74600116374 /* Assets.xcassets */,
				552A25A22412B74200116374 /* SceneDelegate.swift */,
				552A25A02412B74200116374 /* AppDelegate.swift */,
			);
			path = "supporting files";
			sourceTree = "<group>";
		};
		552A25C52412BCE500116374 /* storyboards */ = {
			isa = PBXGroup;
			children = (
				552A25AB2412B74600116374 /* LaunchScreen.storyboard */,
				552A25C62412BCFF00116374 /* LoginView.storyboard */,
				552A25D42412C84B00116374 /* MainView.storyboard */,
			);
			path = storyboards;
			sourceTree = "<group>";
		};
		552A25C82412C34900116374 /* controllers */ = {
			isa = PBXGroup;
			children = (
				552A25DC2412C9C400116374 /* TabViewController.swift */,
				552A25C92412C36400116374 /* LoginViewController.swift */,
				552A25D62412C93600116374 /* PhotoCollectionViewController.swift */,
				552A25D82412C96B00116374 /* UploadAPhotoViewController.swift */,
				552A25DA2412C98200116374 /* ProfileViewController.swift */,
				552A25E12412E76700116374 /* UpdateProfileViewController.swift */,
			);
			path = controllers;
			sourceTree = "<group>";
		};
		552A25CB2412C3A400116374 /* firebase services */ = {
			isa = PBXGroup;
			children = (
				552A25CC2412C3EF00116374 /* AuthenticationSession.swift */,
			);
			path = "firebase services";
			sourceTree = "<group>";
		};
		552A25DE2412CCB100116374 /* extension */ = {
			isa = PBXGroup;
			children = (
				552A25DF2412CCCE00116374 /* UIViewController+Extension.swift */,
				552A25E32412EA0000116374 /* CircularTransition.swift */,
			);
			path = extension;
			sourceTree = "<group>";
		};
		D6B20D45AAC4A3A2C07C26CC /* Frameworks */ = {
			isa = PBXGroup;
			children = (
				C0387C0A46C8C274A692DB69 /* Pods_AlmostActuallyInstagram.framework */,
				405E5934B15D05A13C267464 /* Pods_AlmostActuallyInstagramTests.framework */,
			);
			name = Frameworks;
			sourceTree = "<group>";
		};
/* End PBXGroup section */

/* Begin PBXNativeTarget section */
		552A259C2412B74200116374 /* AlmostActuallyInstagram */ = {
			isa = PBXNativeTarget;
			buildConfigurationList = 552A25BC2412B74600116374 /* Build configuration list for PBXNativeTarget "AlmostActuallyInstagram" */;
			buildPhases = (
				6AF3B8C3231467E5196DA346 /* [CP] Check Pods Manifest.lock */,
				552A25992412B74200116374 /* Sources */,
				552A259A2412B74200116374 /* Frameworks */,
				552A259B2412B74200116374 /* Resources */,
				0EDA740A8BB5934550FBB02C /* [CP] Embed Pods Frameworks */,
			);
			buildRules = (
			);
			dependencies = (
			);
			name = AlmostActuallyInstagram;
			productName = AlmostActuallyInstagram;
			productReference = 552A259D2412B74200116374 /* AlmostActuallyInstagram.app */;
			productType = "com.apple.product-type.application";
		};
		552A25B22412B74600116374 /* AlmostActuallyInstagramTests */ = {
			isa = PBXNativeTarget;
			buildConfigurationList = 552A25BF2412B74600116374 /* Build configuration list for PBXNativeTarget "AlmostActuallyInstagramTests" */;
			buildPhases = (
				1B0FE386B93349525EA1E559 /* [CP] Check Pods Manifest.lock */,
				552A25AF2412B74600116374 /* Sources */,
				552A25B02412B74600116374 /* Frameworks */,
				552A25B12412B74600116374 /* Resources */,
			);
			buildRules = (
			);
			dependencies = (
				552A25B52412B74600116374 /* PBXTargetDependency */,
			);
			name = AlmostActuallyInstagramTests;
			productName = AlmostActuallyInstagramTests;
			productReference = 552A25B32412B74600116374 /* AlmostActuallyInstagramTests.xctest */;
			productType = "com.apple.product-type.bundle.unit-test";
		};
/* End PBXNativeTarget section */

/* Begin PBXProject section */
		552A25952412B74200116374 /* Project object */ = {
			isa = PBXProject;
			attributes = {
				LastSwiftUpdateCheck = 1120;
				LastUpgradeCheck = 1120;
				ORGANIZATIONNAME = Pursuit;
				TargetAttributes = {
					552A259C2412B74200116374 = {
						CreatedOnToolsVersion = 11.2.1;
					};
					552A25B22412B74600116374 = {
						CreatedOnToolsVersion = 11.2.1;
						TestTargetID = 552A259C2412B74200116374;
					};
				};
			};
			buildConfigurationList = 552A25982412B74200116374 /* Build configuration list for PBXProject "AlmostActuallyInstagram" */;
			compatibilityVersion = "Xcode 9.3";
			developmentRegion = en;
			hasScannedForEncodings = 0;
			knownRegions = (
				en,
				Base,
			);
			mainGroup = 552A25942412B74200116374;
			productRefGroup = 552A259E2412B74200116374 /* Products */;
			projectDirPath = "";
			projectRoot = "";
			targets = (
				552A259C2412B74200116374 /* AlmostActuallyInstagram */,
				552A25B22412B74600116374 /* AlmostActuallyInstagramTests */,
			);
		};
/* End PBXProject section */

/* Begin PBXResourcesBuildPhase section */
		552A259B2412B74200116374 /* Resources */ = {
			isa = PBXResourcesBuildPhase;
			buildActionMask = 2147483647;
			files = (
				552A25AD2412B74600116374 /* LaunchScreen.storyboard in Resources */,
				552A25D02412C77100116374 /* still butterflies.gif in Resources */,
				552A25AA2412B74600116374 /* Assets.xcassets in Resources */,
				552A25D12412C77100116374 /* blue background butterflies.gif in Resources */,
				552A25C72412BCFF00116374 /* LoginView.storyboard in Resources */,
				552A25D52412C84B00116374 /* MainView.storyboard in Resources */,
				5587239F24622E4800A7F2D8 /* GoogleService-Info.plist in Resources */,
			);
			runOnlyForDeploymentPostprocessing = 0;
		};
		552A25B12412B74600116374 /* Resources */ = {
			isa = PBXResourcesBuildPhase;
			buildActionMask = 2147483647;
			files = (
			);
			runOnlyForDeploymentPostprocessing = 0;
		};
/* End PBXResourcesBuildPhase section */

/* Begin PBXShellScriptBuildPhase section */
		0EDA740A8BB5934550FBB02C /* [CP] Embed Pods Frameworks */ = {
			isa = PBXShellScriptBuildPhase;
			buildActionMask = 2147483647;
			files = (
			);
			inputFileListPaths = (
				"${PODS_ROOT}/Target Support Files/Pods-AlmostActuallyInstagram/Pods-AlmostActuallyInstagram-frameworks-${CONFIGURATION}-input-files.xcfilelist",
			);
			name = "[CP] Embed Pods Frameworks";
			outputFileListPaths = (
				"${PODS_ROOT}/Target Support Files/Pods-AlmostActuallyInstagram/Pods-AlmostActuallyInstagram-frameworks-${CONFIGURATION}-output-files.xcfilelist",
			);
			runOnlyForDeploymentPostprocessing = 0;
			shellPath = /bin/sh;
			shellScript = "\"${PODS_ROOT}/Target Support Files/Pods-AlmostActuallyInstagram/Pods-AlmostActuallyInstagram-frameworks.sh\"\n";
			showEnvVarsInLog = 0;
		};
		1B0FE386B93349525EA1E559 /* [CP] Check Pods Manifest.lock */ = {
			isa = PBXShellScriptBuildPhase;
			buildActionMask = 2147483647;
			files = (
			);
			inputFileListPaths = (
			);
			inputPaths = (
				"${PODS_PODFILE_DIR_PATH}/Podfile.lock",
				"${PODS_ROOT}/Manifest.lock",
			);
			name = "[CP] Check Pods Manifest.lock";
			outputFileListPaths = (
			);
			outputPaths = (
				"$(DERIVED_FILE_DIR)/Pods-AlmostActuallyInstagramTests-checkManifestLockResult.txt",
			);
			runOnlyForDeploymentPostprocessing = 0;
			shellPath = /bin/sh;
			shellScript = "diff \"${PODS_PODFILE_DIR_PATH}/Podfile.lock\" \"${PODS_ROOT}/Manifest.lock\" > /dev/null\nif [ $? != 0 ] ; then\n    # print error to STDERR\n    echo \"error: The sandbox is not in sync with the Podfile.lock. Run 'pod install' or update your CocoaPods installation.\" >&2\n    exit 1\nfi\n# This output is used by Xcode 'outputs' to avoid re-running this script phase.\necho \"SUCCESS\" > \"${SCRIPT_OUTPUT_FILE_0}\"\n";
			showEnvVarsInLog = 0;
		};
		6AF3B8C3231467E5196DA346 /* [CP] Check Pods Manifest.lock */ = {
			isa = PBXShellScriptBuildPhase;
			buildActionMask = 2147483647;
			files = (
			);
			inputFileListPaths = (
			);
			inputPaths = (
				"${PODS_PODFILE_DIR_PATH}/Podfile.lock",
				"${PODS_ROOT}/Manifest.lock",
			);
			name = "[CP] Check Pods Manifest.lock";
			outputFileListPaths = (
			);
			outputPaths = (
				"$(DERIVED_FILE_DIR)/Pods-AlmostActuallyInstagram-checkManifestLockResult.txt",
			);
			runOnlyForDeploymentPostprocessing = 0;
			shellPath = /bin/sh;
			shellScript = "diff \"${PODS_PODFILE_DIR_PATH}/Podfile.lock\" \"${PODS_ROOT}/Manifest.lock\" > /dev/null\nif [ $? != 0 ] ; then\n    # print error to STDERR\n    echo \"error: The sandbox is not in sync with the Podfile.lock. Run 'pod install' or update your CocoaPods installation.\" >&2\n    exit 1\nfi\n# This output is used by Xcode 'outputs' to avoid re-running this script phase.\necho \"SUCCESS\" > \"${SCRIPT_OUTPUT_FILE_0}\"\n";
			showEnvVarsInLog = 0;
		};
/* End PBXShellScriptBuildPhase section */

/* Begin PBXSourcesBuildPhase section */
		552A25992412B74200116374 /* Sources */ = {
			isa = PBXSourcesBuildPhase;
			buildActionMask = 2147483647;
			files = (
				552A25CA2412C36400116374 /* LoginViewController.swift in Sources */,
				552A25D72412C93600116374 /* PhotoCollectionViewController.swift in Sources */,
				552A25A12412B74200116374 /* AppDelegate.swift in Sources */,
				552A25E42412EA0000116374 /* CircularTransition.swift in Sources */,
				558723A124622F4A00A7F2D8 /* postModel.swift in Sources */,
				552A25E22412E76700116374 /* UpdateProfileViewController.swift in Sources */,
				552A25CD2412C3EF00116374 /* AuthenticationSession.swift in Sources */,
				552A25A32412B74200116374 /* SceneDelegate.swift in Sources */,
				552A25D32412C7A300116374 /* gif-helper.swift in Sources */,
				552A25DD2412C9C400116374 /* TabViewController.swift in Sources */,
				552A25DB2412C98200116374 /* ProfileViewController.swift in Sources */,
				552A25E02412CCCE00116374 /* UIViewController+Extension.swift in Sources */,
				552A25D92412C96B00116374 /* UploadAPhotoViewController.swift in Sources */,
			);
			runOnlyForDeploymentPostprocessing = 0;
		};
		552A25AF2412B74600116374 /* Sources */ = {
			isa = PBXSourcesBuildPhase;
			buildActionMask = 2147483647;
			files = (
				552A25B82412B74600116374 /* AlmostActuallyInstagramTests.swift in Sources */,
			);
			runOnlyForDeploymentPostprocessing = 0;
		};
/* End PBXSourcesBuildPhase section */

/* Begin PBXTargetDependency section */
		552A25B52412B74600116374 /* PBXTargetDependency */ = {
			isa = PBXTargetDependency;
			target = 552A259C2412B74200116374 /* AlmostActuallyInstagram */;
			targetProxy = 552A25B42412B74600116374 /* PBXContainerItemProxy */;
		};
/* End PBXTargetDependency section */

/* Begin PBXVariantGroup section */
		552A25AB2412B74600116374 /* LaunchScreen.storyboard */ = {
			isa = PBXVariantGroup;
			children = (
				552A25AC2412B74600116374 /* Base */,
			);
			name = LaunchScreen.storyboard;
			sourceTree = "<group>";
		};
/* End PBXVariantGroup section */

/* Begin XCBuildConfiguration section */
		552A25BA2412B74600116374 /* Debug */ = {
			isa = XCBuildConfiguration;
			buildSettings = {
				ALWAYS_SEARCH_USER_PATHS = NO;
				CLANG_ANALYZER_NONNULL = YES;
				CLANG_ANALYZER_NUMBER_OBJECT_CONVERSION = YES_AGGRESSIVE;
				CLANG_CXX_LANGUAGE_STANDARD = "gnu++14";
				CLANG_CXX_LIBRARY = "libc++";
				CLANG_ENABLE_MODULES = YES;
				CLANG_ENABLE_OBJC_ARC = YES;
				CLANG_ENABLE_OBJC_WEAK = YES;
				CLANG_WARN_BLOCK_CAPTURE_AUTORELEASING = YES;
				CLANG_WARN_BOOL_CONVERSION = YES;
				CLANG_WARN_COMMA = YES;
				CLANG_WARN_CONSTANT_CONVERSION = YES;
				CLANG_WARN_DEPRECATED_OBJC_IMPLEMENTATIONS = YES;
				CLANG_WARN_DIRECT_OBJC_ISA_USAGE = YES_ERROR;
				CLANG_WARN_DOCUMENTATION_COMMENTS = YES;
				CLANG_WARN_EMPTY_BODY = YES;
				CLANG_WARN_ENUM_CONVERSION = YES;
				CLANG_WARN_INFINITE_RECURSION = YES;
				CLANG_WARN_INT_CONVERSION = YES;
				CLANG_WARN_NON_LITERAL_NULL_CONVERSION = YES;
				CLANG_WARN_OBJC_IMPLICIT_RETAIN_SELF = YES;
				CLANG_WARN_OBJC_LITERAL_CONVERSION = YES;
				CLANG_WARN_OBJC_ROOT_CLASS = YES_ERROR;
				CLANG_WARN_RANGE_LOOP_ANALYSIS = YES;
				CLANG_WARN_STRICT_PROTOTYPES = YES;
				CLANG_WARN_SUSPICIOUS_MOVE = YES;
				CLANG_WARN_UNGUARDED_AVAILABILITY = YES_AGGRESSIVE;
				CLANG_WARN_UNREACHABLE_CODE = YES;
				CLANG_WARN__DUPLICATE_METHOD_MATCH = YES;
				COPY_PHASE_STRIP = NO;
				DEBUG_INFORMATION_FORMAT = dwarf;
				ENABLE_STRICT_OBJC_MSGSEND = YES;
				ENABLE_TESTABILITY = YES;
				GCC_C_LANGUAGE_STANDARD = gnu11;
				GCC_DYNAMIC_NO_PIC = NO;
				GCC_NO_COMMON_BLOCKS = YES;
				GCC_OPTIMIZATION_LEVEL = 0;
				GCC_PREPROCESSOR_DEFINITIONS = (
					"DEBUG=1",
					"$(inherited)",
				);
				GCC_WARN_64_TO_32_BIT_CONVERSION = YES;
				GCC_WARN_ABOUT_RETURN_TYPE = YES_ERROR;
				GCC_WARN_UNDECLARED_SELECTOR = YES;
				GCC_WARN_UNINITIALIZED_AUTOS = YES_AGGRESSIVE;
				GCC_WARN_UNUSED_FUNCTION = YES;
				GCC_WARN_UNUSED_VARIABLE = YES;
				IPHONEOS_DEPLOYMENT_TARGET = 13.2;
				MTL_ENABLE_DEBUG_INFO = INCLUDE_SOURCE;
				MTL_FAST_MATH = YES;
				ONLY_ACTIVE_ARCH = YES;
				SDKROOT = iphoneos;
				SWIFT_ACTIVE_COMPILATION_CONDITIONS = DEBUG;
				SWIFT_OPTIMIZATION_LEVEL = "-Onone";
			};
			name = Debug;
		};
		552A25BB2412B74600116374 /* Release */ = {
			isa = XCBuildConfiguration;
			buildSettings = {
				ALWAYS_SEARCH_USER_PATHS = NO;
				CLANG_ANALYZER_NONNULL = YES;
				CLANG_ANALYZER_NUMBER_OBJECT_CONVERSION = YES_AGGRESSIVE;
				CLANG_CXX_LANGUAGE_STANDARD = "gnu++14";
				CLANG_CXX_LIBRARY = "libc++";
				CLANG_ENABLE_MODULES = YES;
				CLANG_ENABLE_OBJC_ARC = YES;
				CLANG_ENABLE_OBJC_WEAK = YES;
				CLANG_WARN_BLOCK_CAPTURE_AUTORELEASING = YES;
				CLANG_WARN_BOOL_CONVERSION = YES;
				CLANG_WARN_COMMA = YES;
				CLANG_WARN_CONSTANT_CONVERSION = YES;
				CLANG_WARN_DEPRECATED_OBJC_IMPLEMENTATIONS = YES;
				CLANG_WARN_DIRECT_OBJC_ISA_USAGE = YES_ERROR;
				CLANG_WARN_DOCUMENTATION_COMMENTS = YES;
				CLANG_WARN_EMPTY_BODY = YES;
				CLANG_WARN_ENUM_CONVERSION = YES;
				CLANG_WARN_INFINITE_RECURSION = YES;
				CLANG_WARN_INT_CONVERSION = YES;
				CLANG_WARN_NON_LITERAL_NULL_CONVERSION = YES;
				CLANG_WARN_OBJC_IMPLICIT_RETAIN_SELF = YES;
				CLANG_WARN_OBJC_LITERAL_CONVERSION = YES;
				CLANG_WARN_OBJC_ROOT_CLASS = YES_ERROR;
				CLANG_WARN_RANGE_LOOP_ANALYSIS = YES;
				CLANG_WARN_STRICT_PROTOTYPES = YES;
				CLANG_WARN_SUSPICIOUS_MOVE = YES;
				CLANG_WARN_UNGUARDED_AVAILABILITY = YES_AGGRESSIVE;
				CLANG_WARN_UNREACHABLE_CODE = YES;
				CLANG_WARN__DUPLICATE_METHOD_MATCH = YES;
				COPY_PHASE_STRIP = NO;
				DEBUG_INFORMATION_FORMAT = "dwarf-with-dsym";
				ENABLE_NS_ASSERTIONS = NO;
				ENABLE_STRICT_OBJC_MSGSEND = YES;
				GCC_C_LANGUAGE_STANDARD = gnu11;
				GCC_NO_COMMON_BLOCKS = YES;
				GCC_WARN_64_TO_32_BIT_CONVERSION = YES;
				GCC_WARN_ABOUT_RETURN_TYPE = YES_ERROR;
				GCC_WARN_UNDECLARED_SELECTOR = YES;
				GCC_WARN_UNINITIALIZED_AUTOS = YES_AGGRESSIVE;
				GCC_WARN_UNUSED_FUNCTION = YES;
				GCC_WARN_UNUSED_VARIABLE = YES;
				IPHONEOS_DEPLOYMENT_TARGET = 13.2;
				MTL_ENABLE_DEBUG_INFO = NO;
				MTL_FAST_MATH = YES;
				SDKROOT = iphoneos;
				SWIFT_COMPILATION_MODE = wholemodule;
				SWIFT_OPTIMIZATION_LEVEL = "-O";
				VALIDATE_PRODUCT = YES;
			};
			name = Release;
		};
		552A25BD2412B74600116374 /* Debug */ = {
			isa = XCBuildConfiguration;
			baseConfigurationReference = ED8F5D177E504DE4C0D8834F /* Pods-AlmostActuallyInstagram.debug.xcconfig */;
			buildSettings = {
				ASSETCATALOG_COMPILER_APPICON_NAME = AppIcon;
				CODE_SIGN_STYLE = Automatic;
				DEVELOPMENT_TEAM = T3TVM2A475;
				INFOPLIST_FILE = AlmostActuallyInstagram/Info.plist;
				LD_RUNPATH_SEARCH_PATHS = (
					"$(inherited)",
					"@executable_path/Frameworks",
				);
				PRODUCT_BUNDLE_IDENTIFIER = pursuitful.AlmostActuallyInstagram;
				PRODUCT_NAME = "$(TARGET_NAME)";
				SWIFT_VERSION = 5.0;
				TARGETED_DEVICE_FAMILY = "1,2";
			};
			name = Debug;
		};
		552A25BE2412B74600116374 /* Release */ = {
			isa = XCBuildConfiguration;
			baseConfigurationReference = D4ABD02C918388C03ECE6E87 /* Pods-AlmostActuallyInstagram.release.xcconfig */;
			buildSettings = {
				ASSETCATALOG_COMPILER_APPICON_NAME = AppIcon;
				CODE_SIGN_STYLE = Automatic;
				DEVELOPMENT_TEAM = T3TVM2A475;
				INFOPLIST_FILE = AlmostActuallyInstagram/Info.plist;
				LD_RUNPATH_SEARCH_PATHS = (
					"$(inherited)",
					"@executable_path/Frameworks",
				);
				PRODUCT_BUNDLE_IDENTIFIER = pursuitful.AlmostActuallyInstagram;
				PRODUCT_NAME = "$(TARGET_NAME)";
				SWIFT_VERSION = 5.0;
				TARGETED_DEVICE_FAMILY = "1,2";
			};
			name = Release;
		};
		552A25C02412B74600116374 /* Debug */ = {
			isa = XCBuildConfiguration;
			baseConfigurationReference = E80711056843272154137855 /* Pods-AlmostActuallyInstagramTests.debug.xcconfig */;
			buildSettings = {
				ALWAYS_EMBED_SWIFT_STANDARD_LIBRARIES = YES;
				BUNDLE_LOADER = "$(TEST_HOST)";
				CODE_SIGN_STYLE = Automatic;
				DEVELOPMENT_TEAM = T3TVM2A475;
				INFOPLIST_FILE = AlmostActuallyInstagramTests/Info.plist;
				IPHONEOS_DEPLOYMENT_TARGET = 13.2;
				LD_RUNPATH_SEARCH_PATHS = (
					"$(inherited)",
					"@executable_path/Frameworks",
					"@loader_path/Frameworks",
				);
				PRODUCT_BUNDLE_IDENTIFIER = pursuitful.AlmostActuallyInstagramTests;
				PRODUCT_NAME = "$(TARGET_NAME)";
				SWIFT_VERSION = 5.0;
				TARGETED_DEVICE_FAMILY = "1,2";
				TEST_HOST = "$(BUILT_PRODUCTS_DIR)/AlmostActuallyInstagram.app/AlmostActuallyInstagram";
			};
			name = Debug;
		};
		552A25C12412B74600116374 /* Release */ = {
			isa = XCBuildConfiguration;
			baseConfigurationReference = A311290B29771C05BC01B22C /* Pods-AlmostActuallyInstagramTests.release.xcconfig */;
			buildSettings = {
				ALWAYS_EMBED_SWIFT_STANDARD_LIBRARIES = YES;
				BUNDLE_LOADER = "$(TEST_HOST)";
				CODE_SIGN_STYLE = Automatic;
				DEVELOPMENT_TEAM = T3TVM2A475;
				INFOPLIST_FILE = AlmostActuallyInstagramTests/Info.plist;
				IPHONEOS_DEPLOYMENT_TARGET = 13.2;
				LD_RUNPATH_SEARCH_PATHS = (
					"$(inherited)",
					"@executable_path/Frameworks",
					"@loader_path/Frameworks",
				);
				PRODUCT_BUNDLE_IDENTIFIER = pursuitful.AlmostActuallyInstagramTests;
				PRODUCT_NAME = "$(TARGET_NAME)";
				SWIFT_VERSION = 5.0;
				TARGETED_DEVICE_FAMILY = "1,2";
				TEST_HOST = "$(BUILT_PRODUCTS_DIR)/AlmostActuallyInstagram.app/AlmostActuallyInstagram";
			};
			name = Release;
		};
/* End XCBuildConfiguration section */

/* Begin XCConfigurationList section */
		552A25982412B74200116374 /* Build configuration list for PBXProject "AlmostActuallyInstagram" */ = {
			isa = XCConfigurationList;
			buildConfigurations = (
				552A25BA2412B74600116374 /* Debug */,
				552A25BB2412B74600116374 /* Release */,
			);
			defaultConfigurationIsVisible = 0;
			defaultConfigurationName = Release;
		};
		552A25BC2412B74600116374 /* Build configuration list for PBXNativeTarget "AlmostActuallyInstagram" */ = {
			isa = XCConfigurationList;
			buildConfigurations = (
				552A25BD2412B74600116374 /* Debug */,
				552A25BE2412B74600116374 /* Release */,
			);
			defaultConfigurationIsVisible = 0;
			defaultConfigurationName = Release;
		};
		552A25BF2412B74600116374 /* Build configuration list for PBXNativeTarget "AlmostActuallyInstagramTests" */ = {
			isa = XCConfigurationList;
			buildConfigurations = (
				552A25C02412B74600116374 /* Debug */,
				552A25C12412B74600116374 /* Release */,
			);
			defaultConfigurationIsVisible = 0;
			defaultConfigurationName = Release;
		};
/* End XCConfigurationList section */
	};
	rootObject = 552A25952412B74200116374 /* Project object */;
}
